
Microsoft Visual Studio Solution File, Format Version 12.00
# Visual Studio Version 16
VisualStudioVersion = 16.0.31129.286
MinimumVisualStudioVersion = 10.0.40219.1
Project("{8BC9CEB8-8B4A-11D0-8D11-00A0C91BC942}") = "Sorting Algorithms", "Sorting Algorithms.vcxproj", "{89F5BEAB-D9A2-4836-8692-15FED7CB7A2D}"
EndProject
Global
	GlobalSection(SolutionConfigurationPlatforms) = preSolution
		Debug|x64 = Debug|x64
		Debug|x86 = Debug|x86
		Release|x64 = Release|x64
		Release|x86 = Release|x86
	EndGlobalSection
	GlobalSection(ProjectConfigurationPlatforms) = postSolution
		{89F5BEAB-D9A2-4836-8692-15FED7CB7A2D}.Debug|x64.ActiveCfg = Debug|x64
		{89F5BEAB-D9A2-4836-8692-15FED7CB7A2D}.Debug|x64.Build.0 = Debug|x64
		{89F5BEAB-D9A2-4836-8692-15FED7CB7A2D}.Debug|x86.ActiveCfg = Debug|Win32
		{89F5BEAB-D9A2-4836-8692-15FED7CB7A2D}.Debug|x86.Build.0 = Debug|Win32
		{89F5BEAB-D9A2-4836-8692-15FED7CB7A2D}.Release|x64.ActiveCfg = Release|x64
		{89F5BEAB-D9A2-4836-8692-15FED7CB7A2D}.Release|x64.Build.0 = Release|x64
		{89F5BEAB-D9A2-4836-8692-15FED7CB7A2D}.Release|x86.ActiveCfg = Release|Win32
		{89F5BEAB-D9A2-4836-8692-15FED7CB7A2D}.Release|x86.Build.0 = Release|Win32
	EndGlobalSection
	GlobalSection(SolutionProperties) = preSolution
		HideSolutionNode = FALSE
	EndGlobalSection
	GlobalSection(ExtensibilityGlobals) = postSolution
		SolutionGuid = {766D64BB-4F01-4642-BEBC-7D593DCE3C7D}
	EndGlobalSection
EndGlobal
